PODS:
  - OpenTok (2.24.0):
    - VonageWebRTC (= 99.2.39)
  - VonageWebRTC (99.2.39)

DEPENDENCIES:
  - OpenTok (= 2.24.0)

SPEC REPOS:
  trunk:
    - OpenTok
    - VonageWebRTC

SPEC CHECKSUMS:
  OpenTok: 6995850a6a7a37464ffece03ae0b8563b0f5445d
  VonageWebRTC: 4b57187170ef4ea435006e932600646a0521d6b0

PODFILE CHECKSUM: 92c4aea571d865f8883a3ab1c7a6d4a1d46ae1b3

COCOAPODS: 1.11.3
